
Microsoft Visual Studio Solution File, Format Version 12.00
# Visual Studio 2013
VisualStudioVersion = 12.0.31101.0
MinimumVisualStudioVersion = 10.0.40219.1
Project("{FAE04EC0-301F-11D3-BF4B-00C04F79EFBC}") = "BPeliculasActualizada", "BPeliculasActualizada\BPeliculasActualizada.csproj", "{827AFE18-F178-46AB-840E-C0153CE74A0E}"
EndProject
Project("{FAE04EC0-301F-11D3-BF4B-00C04F79EFBC}") = "Entidades", "Entidades\Entidades.csproj", "{D91C544B-058E-4CAB-A8EA-584F80378AB7}"
EndProject
Project("{FAE04EC0-301F-11D3-BF4B-00C04F79EFBC}") = "Reglas", "Reglas\Reglas.csproj", "{9CC44E6B-2C33-4993-96EF-18EC3A026635}"
EndProject
Global
	GlobalSection(SolutionConfigurationPlatforms) = preSolution
		Debug|Any CPU = Debug|Any CPU
		Release|Any CPU = Release|Any CPU
	EndGlobalSection
	GlobalSection(ProjectConfigurationPlatforms) = postSolution
		{827AFE18-F178-46AB-840E-C0153CE74A0E}.Debug|Any CPU.ActiveCfg = Debug|Any CPU
		{827AFE18-F178-46AB-840E-C0153CE74A0E}.Debug|Any CPU.Build.0 = Debug|Any CPU
		{827AFE18-F178-46AB-840E-C0153CE74A0E}.Release|Any CPU.ActiveCfg = Release|Any CPU
		{827AFE18-F178-46AB-840E-C0153CE74A0E}.Release|Any CPU.Build.0 = Release|Any CPU
		{D91C544B-058E-4CAB-A8EA-584F80378AB7}.Debug|Any CPU.ActiveCfg = Debug|Any CPU
		{D91C544B-058E-4CAB-A8EA-584F80378AB7}.Debug|Any CPU.Build.0 = Debug|Any CPU
		{D91C544B-058E-4CAB-A8EA-584F80378AB7}.Release|Any CPU.ActiveCfg = Release|Any CPU
		{D91C544B-058E-4CAB-A8EA-584F80378AB7}.Release|Any CPU.Build.0 = Release|Any CPU
		{9CC44E6B-2C33-4993-96EF-18EC3A026635}.Debug|Any CPU.ActiveCfg = Debug|Any CPU
		{9CC44E6B-2C33-4993-96EF-18EC3A026635}.Debug|Any CPU.Build.0 = Debug|Any CPU
		{9CC44E6B-2C33-4993-96EF-18EC3A026635}.Release|Any CPU.ActiveCfg = Release|Any CPU
		{9CC44E6B-2C33-4993-96EF-18EC3A026635}.Release|Any CPU.Build.0 = Release|Any CPU
	EndGlobalSection
	GlobalSection(SolutionProperties) = preSolution
		HideSolutionNode = FALSE
	EndGlobalSection
EndGlobal
